// !$*UTF8*$!
{
	archiveVersion = 1;
	classes = {
	};
	objectVersion = 46;
	objects = {

/* Begin PBXBuildFile section */
		041769771E6C83C90043CE54 /* zones.png in Resources */ = {isa = PBXBuildFile; fileRef = 041769761E6C83C90043CE54 /* zones.png */; };
		047F0B391E50D48D00CE89F8 /* PItReportTableViewController.swift in Sources */ = {isa = PBXBuildFile; fileRef = 047F0B381E50D48D00CE89F8 /* PItReportTableViewController.swift */; };
		048F45841E5A196700110DEE /* TeamSummaryViewController.swift in Sources */ = {isa = PBXBuildFile; fileRef = 048F45831E5A196700110DEE /* TeamSummaryViewController.swift */; };
		8044190F1E5B62E200A06CF2 /* CoreDataStack.swift in Sources */ = {isa = PBXBuildFile; fileRef = 8044190E1E5B62E200A06CF2 /* CoreDataStack.swift */; };
		806D5ABF1E4DE39600EC1EDC /* TeamChoicesViewController.swift in Sources */ = {isa = PBXBuildFile; fileRef = 806D5ABE1E4DE39600EC1EDC /* TeamChoicesViewController.swift */; };
		806D5AC11E4DE75100EC1EDC /* PitViewController.swift in Sources */ = {isa = PBXBuildFile; fileRef = 806D5AC01E4DE75100EC1EDC /* PitViewController.swift */; };
		8074FF3B1E698D05009FE248 /* WinningViewController.swift in Sources */ = {isa = PBXBuildFile; fileRef = 8074FF3A1E698D05009FE248 /* WinningViewController.swift */; };
		8081CD431E5A06F800EF3E1B /* AnalyticsLandingViewController.swift in Sources */ = {isa = PBXBuildFile; fileRef = 8081CD421E5A06F800EF3E1B /* AnalyticsLandingViewController.swift */; };
		8081CD471E5A127F00EF3E1B /* TeamStats.swift in Sources */ = {isa = PBXBuildFile; fileRef = 8081CD461E5A127F00EF3E1B /* TeamStats.swift */; };
		80854B661E4767F300C52877 /* AppDelegate.swift in Sources */ = {isa = PBXBuildFile; fileRef = 80854B651E4767F300C52877 /* AppDelegate.swift */; };
		80854B681E4767F300C52877 /* ViewController.swift in Sources */ = {isa = PBXBuildFile; fileRef = 80854B671E4767F300C52877 /* ViewController.swift */; };
		80854B6B1E4767F300C52877 /* Main.storyboard in Resources */ = {isa = PBXBuildFile; fileRef = 80854B691E4767F300C52877 /* Main.storyboard */; };
		80854B6E1E4767F300C52877 /* FRCScout2017.xcdatamodeld in Sources */ = {isa = PBXBuildFile; fileRef = 80854B6C1E4767F300C52877 /* FRCScout2017.xcdatamodeld */; };
		80854B701E4767F300C52877 /* Assets.xcassets in Resources */ = {isa = PBXBuildFile; fileRef = 80854B6F1E4767F300C52877 /* Assets.xcassets */; };
		80854B731E4767F300C52877 /* LaunchScreen.storyboard in Resources */ = {isa = PBXBuildFile; fileRef = 80854B711E4767F300C52877 /* LaunchScreen.storyboard */; };
		80854B7D1E4775CB00C52877 /* MatchesViewController.swift in Sources */ = {isa = PBXBuildFile; fileRef = 80854B7C1E4775CB00C52877 /* MatchesViewController.swift */; };
		80854B7F1E477E2500C52877 /* AddMatchViewController.swift in Sources */ = {isa = PBXBuildFile; fileRef = 80854B7E1E477E2500C52877 /* AddMatchViewController.swift */; };
		809AA4981E5F048F00816FD7 /* BestViewController.swift in Sources */ = {isa = PBXBuildFile; fileRef = 809AA4971E5F048F00816FD7 /* BestViewController.swift */; };
		80FF3F301E6BBE44009A3CCE /* aT3M10l.png in Resources */ = {isa = PBXBuildFile; fileRef = 80FF3F2C1E6BBE44009A3CCE /* aT3M10l.png */; };
		80FF3F311E6BBE44009A3CCE /* GameField.jpg in Resources */ = {isa = PBXBuildFile; fileRef = 80FF3F2D1E6BBE44009A3CCE /* GameField.jpg */; };
		80FF3F321E6BBE44009A3CCE /* SteamField.jpg in Resources */ = {isa = PBXBuildFile; fileRef = 80FF3F2E1E6BBE44009A3CCE /* SteamField.jpg */; };
		80FF3F391E6BC1D7009A3CCE /* audience.jpg in Resources */ = {isa = PBXBuildFile; fileRef = 80FF3F381E6BC1D7009A3CCE /* audience.jpg */; };
		86ED7D3CA3D77B2F9CAB5D54 /* Pods_FRCScout2017.framework in Frameworks */ = {isa = PBXBuildFile; fileRef = 3BE1321795EFD44F0B6335EB /* Pods_FRCScout2017.framework */; };
/* End PBXBuildFile section */

/* Begin PBXFileReference section */
		041769761E6C83C90043CE54 /* zones.png */ = {isa = PBXFileReference; lastKnownFileType = image.png; path = zones.png; sourceTree = "<group>"; };
		047F0B381E50D48D00CE89F8 /* PItReportTableViewController.swift */ = {isa = PBXFileReference; fileEncoding = 4; lastKnownFileType = sourcecode.swift; path = PItReportTableViewController.swift; sourceTree = "<group>"; };
		048F45831E5A196700110DEE /* TeamSummaryViewController.swift */ = {isa = PBXFileReference; fileEncoding = 4; lastKnownFileType = sourcecode.swift; path = TeamSummaryViewController.swift; sourceTree = "<group>"; };
		3BE1321795EFD44F0B6335EB /* Pods_FRCScout2017.framework */ = {isa = PBXFileReference; explicitFileType = wrapper.framework; includeInIndex = 0; path = Pods_FRCScout2017.framework; sourceTree = BUILT_PRODUCTS_DIR; };
		7E06A03B2694D423618CE912 /* Pods-FRCScout2017.release.xcconfig */ = {isa = PBXFileReference; includeInIndex = 1; lastKnownFileType = text.xcconfig; name = "Pods-FRCScout2017.release.xcconfig"; path = "Pods/Target Support Files/Pods-FRCScout2017/Pods-FRCScout2017.release.xcconfig"; sourceTree = "<group>"; };
		8044190D1E5B2A7300A06CF2 /* FRCScout2017.entitlements */ = {isa = PBXFileReference; lastKnownFileType = text.plist.entitlements; path = FRCScout2017.entitlements; sourceTree = "<group>"; };
		8044190E1E5B62E200A06CF2 /* CoreDataStack.swift */ = {isa = PBXFileReference; fileEncoding = 4; lastKnownFileType = sourcecode.swift; path = CoreDataStack.swift; sourceTree = "<group>"; };
		806D5ABE1E4DE39600EC1EDC /* TeamChoicesViewController.swift */ = {isa = PBXFileReference; fileEncoding = 4; lastKnownFileType = sourcecode.swift; path = TeamChoicesViewController.swift; sourceTree = "<group>"; };
		806D5AC01E4DE75100EC1EDC /* PitViewController.swift */ = {isa = PBXFileReference; fileEncoding = 4; lastKnownFileType = sourcecode.swift; path = PitViewController.swift; sourceTree = "<group>"; };
		8074FF3A1E698D05009FE248 /* WinningViewController.swift */ = {isa = PBXFileReference; fileEncoding = 4; lastKnownFileType = sourcecode.swift; path = WinningViewController.swift; sourceTree = "<group>"; };
		8081CD421E5A06F800EF3E1B /* AnalyticsLandingViewController.swift */ = {isa = PBXFileReference; fileEncoding = 4; lastKnownFileType = sourcecode.swift; path = AnalyticsLandingViewController.swift; sourceTree = "<group>"; };
		8081CD461E5A127F00EF3E1B /* TeamStats.swift */ = {isa = PBXFileReference; fileEncoding = 4; lastKnownFileType = sourcecode.swift; path = TeamStats.swift; sourceTree = "<group>"; };
		80854B621E4767F300C52877 /* FRCScout2017.app */ = {isa = PBXFileReference; explicitFileType = wrapper.application; includeInIndex = 0; path = FRCScout2017.app; sourceTree = BUILT_PRODUCTS_DIR; };
		80854B651E4767F300C52877 /* AppDelegate.swift */ = {isa = PBXFileReference; lastKnownFileType = sourcecode.swift; path = AppDelegate.swift; sourceTree = "<group>"; };
		80854B671E4767F300C52877 /* ViewController.swift */ = {isa = PBXFileReference; lastKnownFileType = sourcecode.swift; path = ViewController.swift; sourceTree = "<group>"; };
		80854B6A1E4767F300C52877 /* Base */ = {isa = PBXFileReference; lastKnownFileType = file.storyboard; name = Base; path = Base.lproj/Main.storyboard; sourceTree = "<group>"; };
		80854B6D1E4767F300C52877 /* FRCScout2017.xcdatamodel */ = {isa = PBXFileReference; lastKnownFileType = wrapper.xcdatamodel; path = FRCScout2017.xcdatamodel; sourceTree = "<group>"; };
		80854B6F1E4767F300C52877 /* Assets.xcassets */ = {isa = PBXFileReference; lastKnownFileType = folder.assetcatalog; path = Assets.xcassets; sourceTree = "<group>"; };
		80854B721E4767F300C52877 /* Base */ = {isa = PBXFileReference; lastKnownFileType = file.storyboard; name = Base; path = Base.lproj/LaunchScreen.storyboard; sourceTree = "<group>"; };
		80854B741E4767F300C52877 /* Info.plist */ = {isa = PBXFileReference; lastKnownFileType = text.plist.xml; path = Info.plist; sourceTree = "<group>"; };
		80854B7C1E4775CB00C52877 /* MatchesViewController.swift */ = {isa = PBXFileReference; fileEncoding = 4; lastKnownFileType = sourcecode.swift; path = MatchesViewController.swift; sourceTree = "<group>"; };
		80854B7E1E477E2500C52877 /* AddMatchViewController.swift */ = {isa = PBXFileReference; fileEncoding = 4; lastKnownFileType = sourcecode.swift; path = AddMatchViewController.swift; sourceTree = "<group>"; };
		809AA4971E5F048F00816FD7 /* BestViewController.swift */ = {isa = PBXFileReference; fileEncoding = 4; lastKnownFileType = sourcecode.swift; path = BestViewController.swift; sourceTree = "<group>"; };
		80FF3F2C1E6BBE44009A3CCE /* aT3M10l.png */ = {isa = PBXFileReference; lastKnownFileType = image.png; path = aT3M10l.png; sourceTree = "<group>"; };
		80FF3F2D1E6BBE44009A3CCE /* GameField.jpg */ = {isa = PBXFileReference; lastKnownFileType = image.jpeg; path = GameField.jpg; sourceTree = "<group>"; };
		80FF3F2E1E6BBE44009A3CCE /* SteamField.jpg */ = {isa = PBXFileReference; lastKnownFileType = image.jpeg; path = SteamField.jpg; sourceTree = "<group>"; };
		80FF3F381E6BC1D7009A3CCE /* audience.jpg */ = {isa = PBXFileReference; lastKnownFileType = image.jpeg; path = audience.jpg; sourceTree = "<group>"; };
		F2FFBCE6A192BF1A0AF76700 /* Pods-FRCScout2017.debug.xcconfig */ = {isa = PBXFileReference; includeInIndex = 1; lastKnownFileType = text.xcconfig; name = "Pods-FRCScout2017.debug.xcconfig"; path = "Pods/Target Support Files/Pods-FRCScout2017/Pods-FRCScout2017.debug.xcconfig"; sourceTree = "<group>"; };
/* End PBXFileReference section */

/* Begin PBXFrameworksBuildPhase section */
		80854B5F1E4767F300C52877 /* Frameworks */ = {
			isa = PBXFrameworksBuildPhase;
			buildActionMask = 2147483647;
			files = (
				86ED7D3CA3D77B2F9CAB5D54 /* Pods_FRCScout2017.framework in Frameworks */,
			);
			runOnlyForDeploymentPostprocessing = 0;
		};
/* End PBXFrameworksBuildPhase section */

/* Begin PBXGroup section */
		80854B591E4767F300C52877 = {
			isa = PBXGroup;
			children = (
				80854B641E4767F300C52877 /* FRCScout2017 */,
				80854B631E4767F300C52877 /* Products */,
				811C4A251A73276C1BC6ADE0 /* Pods */,
				864E9315E771204CA9ED58A1 /* Frameworks */,
			);
			sourceTree = "<group>";
		};
		80854B631E4767F300C52877 /* Products */ = {
			isa = PBXGroup;
			children = (
				80854B621E4767F300C52877 /* FRCScout2017.app */,
			);
			name = Products;
			sourceTree = "<group>";
		};
		80854B641E4767F300C52877 /* FRCScout2017 */ = {
			isa = PBXGroup;
			children = (
				8074FF3A1E698D05009FE248 /* WinningViewController.swift */,
				8044190D1E5B2A7300A06CF2 /* FRCScout2017.entitlements */,
				048F45831E5A196700110DEE /* TeamSummaryViewController.swift */,
				8081CD461E5A127F00EF3E1B /* TeamStats.swift */,
				80854B651E4767F300C52877 /* AppDelegate.swift */,
				8044190E1E5B62E200A06CF2 /* CoreDataStack.swift */,
				80854B671E4767F300C52877 /* ViewController.swift */,
				80854B691E4767F300C52877 /* Main.storyboard */,
				8081CD421E5A06F800EF3E1B /* AnalyticsLandingViewController.swift */,
				047F0B381E50D48D00CE89F8 /* PItReportTableViewController.swift */,
				806D5AC01E4DE75100EC1EDC /* PitViewController.swift */,
				806D5ABE1E4DE39600EC1EDC /* TeamChoicesViewController.swift */,
				80854B7E1E477E2500C52877 /* AddMatchViewController.swift */,
				80854B7C1E4775CB00C52877 /* MatchesViewController.swift */,
				80854B6F1E4767F300C52877 /* Assets.xcassets */,
				80854B711E4767F300C52877 /* LaunchScreen.storyboard */,
				80854B741E4767F300C52877 /* Info.plist */,
				80854B6C1E4767F300C52877 /* FRCScout2017.xcdatamodeld */,
				809AA4971E5F048F00816FD7 /* BestViewController.swift */,
				80FF3F2C1E6BBE44009A3CCE /* aT3M10l.png */,
				80FF3F381E6BC1D7009A3CCE /* audience.jpg */,
				80FF3F2D1E6BBE44009A3CCE /* GameField.jpg */,
				80FF3F2E1E6BBE44009A3CCE /* SteamField.jpg */,
				041769761E6C83C90043CE54 /* zones.png */,
			);
			path = FRCScout2017;
			sourceTree = "<group>";
		};
		811C4A251A73276C1BC6ADE0 /* Pods */ = {
			isa = PBXGroup;
			children = (
				F2FFBCE6A192BF1A0AF76700 /* Pods-FRCScout2017.debug.xcconfig */,
				7E06A03B2694D423618CE912 /* Pods-FRCScout2017.release.xcconfig */,
			);
			name = Pods;
			sourceTree = "<group>";
		};
		864E9315E771204CA9ED58A1 /* Frameworks */ = {
			isa = PBXGroup;
			children = (
				3BE1321795EFD44F0B6335EB /* Pods_FRCScout2017.framework */,
			);
			name = Frameworks;
			sourceTree = "<group>";
		};
/* End PBXGroup section */

/* Begin PBXNativeTarget section */
		80854B611E4767F300C52877 /* FRCScout2017 */ = {
			isa = PBXNativeTarget;
			buildConfigurationList = 80854B771E4767F300C52877 /* Build configuration list for PBXNativeTarget "FRCScout2017" */;
			buildPhases = (
				15757C5F350862DFF71426F7 /* [CP] Check Pods Manifest.lock */,
				80854B5E1E4767F300C52877 /* Sources */,
				80854B5F1E4767F300C52877 /* Frameworks */,
				80854B601E4767F300C52877 /* Resources */,
				22C7763BA2997130994D82F1 /* [CP] Embed Pods Frameworks */,
				58934D5DC35DE072EAEB248A /* [CP] Copy Pods Resources */,
			);
			buildRules = (
			);
			dependencies = (
			);
			name = FRCScout2017;
			productName = FRCScout2017;
			productReference = 80854B621E4767F300C52877 /* FRCScout2017.app */;
			productType = "com.apple.product-type.application";
		};
/* End PBXNativeTarget section */

/* Begin PBXProject section */
		80854B5A1E4767F300C52877 /* Project object */ = {
			isa = PBXProject;
			attributes = {
				LastSwiftUpdateCheck = 0820;
				LastUpgradeCheck = 0820;
				ORGANIZATIONNAME = RoboTigers;
				TargetAttributes = {
					80854B611E4767F300C52877 = {
						CreatedOnToolsVersion = 8.2.1;
						DevelopmentTeam = 8J2EV8GJ9Z;
						ProvisioningStyle = Automatic;
						SystemCapabilities = {
							com.apple.Push = {
								enabled = 1;
							};
							com.apple.iCloud = {
								enabled = 1;
							};
						};
					};
				};
			};
			buildConfigurationList = 80854B5D1E4767F300C52877 /* Build configuration list for PBXProject "FRCScout2017" */;
			compatibilityVersion = "Xcode 3.2";
			developmentRegion = English;
			hasScannedForEncodings = 0;
			knownRegions = (
				en,
				Base,
			);
			mainGroup = 80854B591E4767F300C52877;
			productRefGroup = 80854B631E4767F300C52877 /* Products */;
			projectDirPath = "";
			projectRoot = "";
			targets = (
				80854B611E4767F300C52877 /* FRCScout2017 */,
			);
		};
/* End PBXProject section */

/* Begin PBXResourcesBuildPhase section */
		80854B601E4767F300C52877 /* Resources */ = {
			isa = PBXResourcesBuildPhase;
			buildActionMask = 2147483647;
			files = (
				80FF3F301E6BBE44009A3CCE /* aT3M10l.png in Resources */,
				80FF3F311E6BBE44009A3CCE /* GameField.jpg in Resources */,
				80854B731E4767F300C52877 /* LaunchScreen.storyboard in Resources */,
				80FF3F321E6BBE44009A3CCE /* SteamField.jpg in Resources */,
				80FF3F391E6BC1D7009A3CCE /* audience.jpg in Resources */,
				80854B701E4767F300C52877 /* Assets.xcassets in Resources */,
				80854B6B1E4767F300C52877 /* Main.storyboard in Resources */,
				041769771E6C83C90043CE54 /* zones.png in Resources */,
			);
			runOnlyForDeploymentPostprocessing = 0;
		};
/* End PBXResourcesBuildPhase section */

/* Begin PBXShellScriptBuildPhase section */
		15757C5F350862DFF71426F7 /* [CP] Check Pods Manifest.lock */ = {
			isa = PBXShellScriptBuildPhase;
			buildActionMask = 2147483647;
			files = (
			);
			inputPaths = (
			);
			name = "[CP] Check Pods Manifest.lock";
			outputPaths = (
			);
			runOnlyForDeploymentPostprocessing = 0;
			shellPath = /bin/sh;
			shellScript = "diff \"${PODS_ROOT}/../Podfile.lock\" \"${PODS_ROOT}/Manifest.lock\" > /dev/null\nif [ $? != 0 ] ; then\n    # print error to STDERR\n    echo \"error: The sandbox is not in sync with the Podfile.lock. Run 'pod install' or update your CocoaPods installation.\" >&2\n    exit 1\nfi\n";
			showEnvVarsInLog = 0;
		};
		22C7763BA2997130994D82F1 /* [CP] Embed Pods Frameworks */ = {
			isa = PBXShellScriptBuildPhase;
			buildActionMask = 2147483647;
			files = (
			);
			inputPaths = (
			);
			name = "[CP] Embed Pods Frameworks";
			outputPaths = (
			);
			runOnlyForDeploymentPostprocessing = 0;
			shellPath = /bin/sh;
			shellScript = "\"${SRCROOT}/Pods/Target Support Files/Pods-FRCScout2017/Pods-FRCScout2017-frameworks.sh\"\n";
			showEnvVarsInLog = 0;
		};
		58934D5DC35DE072EAEB248A /* [CP] Copy Pods Resources */ = {
			isa = PBXShellScriptBuildPhase;
			buildActionMask = 2147483647;
			files = (
			);
			inputPaths = (
			);
			name = "[CP] Copy Pods Resources";
			outputPaths = (
			);
			runOnlyForDeploymentPostprocessing = 0;
			shellPath = /bin/sh;
			shellScript = "\"${SRCROOT}/Pods/Target Support Files/Pods-FRCScout2017/Pods-FRCScout2017-resources.sh\"\n";
			showEnvVarsInLog = 0;
		};
/* End PBXShellScriptBuildPhase section */

/* Begin PBXSourcesBuildPhase section */
		80854B5E1E4767F300C52877 /* Sources */ = {
			isa = PBXSourcesBuildPhase;
			buildActionMask = 2147483647;
			files = (
				8081CD471E5A127F00EF3E1B /* TeamStats.swift in Sources */,
				806D5AC11E4DE75100EC1EDC /* PitViewController.swift in Sources */,
				809AA4981E5F048F00816FD7 /* BestViewController.swift in Sources */,
				048F45841E5A196700110DEE /* TeamSummaryViewController.swift in Sources */,
				8081CD431E5A06F800EF3E1B /* AnalyticsLandingViewController.swift in Sources */,
				047F0B391E50D48D00CE89F8 /* PItReportTableViewController.swift in Sources */,
				8044190F1E5B62E200A06CF2 /* CoreDataStack.swift in Sources */,
				80854B7F1E477E2500C52877 /* AddMatchViewController.swift in Sources */,
				80854B6E1E4767F300C52877 /* FRCScout2017.xcdatamodeld in Sources */,
				8074FF3B1E698D05009FE248 /* WinningViewController.swift in Sources */,
				806D5ABF1E4DE39600EC1EDC /* TeamChoicesViewController.swift in Sources */,
				80854B7D1E4775CB00C52877 /* MatchesViewController.swift in Sources */,
				80854B681E4767F300C52877 /* ViewController.swift in Sources */,
				80854B661E4767F300C52877 /* AppDelegate.swift in Sources */,
			);
			runOnlyForDeploymentPostprocessing = 0;
		};
/* End PBXSourcesBuildPhase section */

/* Begin PBXVariantGroup section */
		80854B691E4767F300C52877 /* Main.storyboard */ = {
			isa = PBXVariantGroup;
			children = (
				80854B6A1E4767F300C52877 /* Base */,
			);
			name = Main.storyboard;
			sourceTree = "<group>";
		};
		80854B711E4767F300C52877 /* LaunchScreen.storyboard */ = {
			isa = PBXVariantGroup;
			children = (
				80854B721E4767F300C52877 /* Base */,
			);
			name = LaunchScreen.storyboard;
			sourceTree = "<group>";
		};
/* End PBXVariantGroup section */

/* Begin XCBuildConfiguration section */
		80854B751E4767F300C52877 /* Debug */ = {
			isa = XCBuildConfiguration;
			buildSettings = {
				ALWAYS_SEARCH_USER_PATHS = NO;
				CLANG_ANALYZER_NONNULL = YES;
				CLANG_CXX_LANGUAGE_STANDARD = "gnu++0x";
				CLANG_CXX_LIBRARY = "libc++";
				CLANG_ENABLE_MODULES = YES;
				CLANG_ENABLE_OBJC_ARC = YES;
				CLANG_WARN_BOOL_CONVERSION = YES;
				CLANG_WARN_CONSTANT_CONVERSION = YES;
				CLANG_WARN_DIRECT_OBJC_ISA_USAGE = YES_ERROR;
				CLANG_WARN_DOCUMENTATION_COMMENTS = YES;
				CLANG_WARN_EMPTY_BODY = YES;
				CLANG_WARN_ENUM_CONVERSION = YES;
				CLANG_WARN_INFINITE_RECURSION = YES;
				CLANG_WARN_INT_CONVERSION = YES;
				CLANG_WARN_OBJC_ROOT_CLASS = YES_ERROR;
				CLANG_WARN_SUSPICIOUS_MOVE = YES;
				CLANG_WARN_UNREACHABLE_CODE = YES;
				CLANG_WARN__DUPLICATE_METHOD_MATCH = YES;
				"CODE_SIGN_IDENTITY[sdk=iphoneos*]" = "iPhone Developer";
				COPY_PHASE_STRIP = NO;
				DEBUG_INFORMATION_FORMAT = dwarf;
				ENABLE_STRICT_OBJC_MSGSEND = YES;
				ENABLE_TESTABILITY = YES;
				GCC_C_LANGUAGE_STANDARD = gnu99;
				GCC_DYNAMIC_NO_PIC = NO;
				GCC_NO_COMMON_BLOCKS = YES;
				GCC_OPTIMIZATION_LEVEL = 0;
				GCC_PREPROCESSOR_DEFINITIONS = (
					"DEBUG=1",
					"$(inherited)",
				);
				GCC_WARN_64_TO_32_BIT_CONVERSION = YES;
				GCC_WARN_ABOUT_RETURN_TYPE = YES_ERROR;
				GCC_WARN_UNDECLARED_SELECTOR = YES;
				GCC_WARN_UNINITIALIZED_AUTOS = YES_AGGRESSIVE;
				GCC_WARN_UNUSED_FUNCTION = YES;
				GCC_WARN_UNUSED_VARIABLE = YES;
				IPHONEOS_DEPLOYMENT_TARGET = 10.2;
				MTL_ENABLE_DEBUG_INFO = YES;
				ONLY_ACTIVE_ARCH = YES;
				SDKROOT = iphoneos;
				SWIFT_ACTIVE_COMPILATION_CONDITIONS = DEBUG;
				SWIFT_OPTIMIZATION_LEVEL = "-Onone";
				TARGETED_DEVICE_FAMILY = "1,2";
			};
			name = Debug;
		};
		80854B761E4767F300C52877 /* Release */ = {
			isa = XCBuildConfiguration;
			buildSettings = {
				ALWAYS_SEARCH_USER_PATHS = NO;
				CLANG_ANALYZER_NONNULL = YES;
				CLANG_CXX_LANGUAGE_STANDARD = "gnu++0x";
				CLANG_CXX_LIBRARY = "libc++";
				CLANG_ENABLE_MODULES = YES;
				CLANG_ENABLE_OBJC_ARC = YES;
				CLANG_WARN_BOOL_CONVERSION = YES;
				CLANG_WARN_CONSTANT_CONVERSION = YES;
				CLANG_WARN_DIRECT_OBJC_ISA_USAGE = YES_ERROR;
				CLANG_WARN_DOCUMENTATION_COMMENTS = YES;
				CLANG_WARN_EMPTY_BODY = YES;
				CLANG_WARN_ENUM_CONVERSION = YES;
				CLANG_WARN_INFINITE_RECURSION = YES;
				CLANG_WARN_INT_CONVERSION = YES;
				CLANG_WARN_OBJC_ROOT_CLASS = YES_ERROR;
				CLANG_WARN_SUSPICIOUS_MOVE = YES;
				CLANG_WARN_UNREACHABLE_CODE = YES;
				CLANG_WARN__DUPLICATE_METHOD_MATCH = YES;
				"CODE_SIGN_IDENTITY[sdk=iphoneos*]" = "iPhone Developer";
				COPY_PHASE_STRIP = NO;
				DEBUG_INFORMATION_FORMAT = "dwarf-with-dsym";
				ENABLE_NS_ASSERTIONS = NO;
				ENABLE_STRICT_OBJC_MSGSEND = YES;
				GCC_C_LANGUAGE_STANDARD = gnu99;
				GCC_NO_COMMON_BLOCKS = YES;
				GCC_WARN_64_TO_32_BIT_CONVERSION = YES;
				GCC_WARN_ABOUT_RETURN_TYPE = YES_ERROR;
				GCC_WARN_UNDECLARED_SELECTOR = YES;
				GCC_WARN_UNINITIALIZED_AUTOS = YES_AGGRESSIVE;
				GCC_WARN_UNUSED_FUNCTION = YES;
				GCC_WARN_UNUSED_VARIABLE = YES;
				IPHONEOS_DEPLOYMENT_TARGET = 10.2;
				MTL_ENABLE_DEBUG_INFO = NO;
				SDKROOT = iphoneos;
				SWIFT_OPTIMIZATION_LEVEL = "-Owholemodule";
				TARGETED_DEVICE_FAMILY = "1,2";
				VALIDATE_PRODUCT = YES;
			};
			name = Release;
		};
		80854B781E4767F300C52877 /* Debug */ = {
			isa = XCBuildConfiguration;
			baseConfigurationReference = F2FFBCE6A192BF1A0AF76700 /* Pods-FRCScout2017.debug.xcconfig */;
			buildSettings = {
				ASSETCATALOG_COMPILER_APPICON_NAME = AppIcon;
				CODE_SIGN_ENTITLEMENTS = FRCScout2017/FRCScout2017.entitlements;
				DEVELOPMENT_TEAM = 8J2EV8GJ9Z;
				INFOPLIST_FILE = FRCScout2017/Info.plist;
				LD_RUNPATH_SEARCH_PATHS = "$(inherited) @executable_path/Frameworks";
				PRODUCT_BUNDLE_IDENTIFIER = edu.queensvocational.robotigers.FRCScout2017;
				PRODUCT_NAME = "$(TARGET_NAME)";
				SWIFT_VERSION = 3.0;
			};
			name = Debug;
		};
		80854B791E4767F300C52877 /* Release */ = {
			isa = XCBuildConfiguration;
			baseConfigurationReference = 7E06A03B2694D423618CE912 /* Pods-FRCScout2017.release.xcconfig */;
			buildSettings = {
				ASSETCATALOG_COMPILER_APPICON_NAME = AppIcon;
				CODE_SIGN_ENTITLEMENTS = FRCScout2017/FRCScout2017.entitlements;
				DEVELOPMENT_TEAM = 8J2EV8GJ9Z;
				INFOPLIST_FILE = FRCScout2017/Info.plist;
				LD_RUNPATH_SEARCH_PATHS = "$(inherited) @executable_path/Frameworks";
				PRODUCT_BUNDLE_IDENTIFIER = edu.queensvocational.robotigers.FRCScout2017;
				PRODUCT_NAME = "$(TARGET_NAME)";
				SWIFT_VERSION = 3.0;
			};
			name = Release;
		};
/* End XCBuildConfiguration section */

/* Begin XCConfigurationList section */
		80854B5D1E4767F300C52877 /* Build configuration list for PBXProject "FRCScout2017" */ = {
			isa = XCConfigurationList;
			buildConfigurations = (
				80854B751E4767F300C52877 /* Debug */,
				80854B761E4767F300C52877 /* Release */,
			);
			defaultConfigurationIsVisible = 0;
			defaultConfigurationName = Release;
		};
		80854B771E4767F300C52877 /* Build configuration list for PBXNativeTarget "FRCScout2017" */ = {
			isa = XCConfigurationList;
			buildConfigurations = (
				80854B781E4767F300C52877 /* Debug */,
				80854B791E4767F300C52877 /* Release */,
			);
			defaultConfigurationIsVisible = 0;
			defaultConfigurationName = Release;
		};
/* End XCConfigurationList section */

/* Begin XCVersionGroup section */
		80854B6C1E4767F300C52877 /* FRCScout2017.xcdatamodeld */ = {
			isa = XCVersionGroup;
			children = (
				80854B6D1E4767F300C52877 /* FRCScout2017.xcdatamodel */,
			);
			currentVersion = 80854B6D1E4767F300C52877 /* FRCScout2017.xcdatamodel */;
			path = FRCScout2017.xcdatamodeld;
			sourceTree = "<group>";
			versionGroupType = wrapper.xcdatamodel;
		};
/* End XCVersionGroup section */
	};
	rootObject = 80854B5A1E4767F300C52877 /* Project object */;
}
